// !$*UTF8*$!
{
	archiveVersion = 1;
	classes = {
	};
	objectVersion = 50;
	objects = {

/* Begin PBXBuildFile section */
		6B8FFFE820DC129300EF7C0E /* FavoriteController.swift in Sources */ = {isa = PBXBuildFile; fileRef = 6B8FFFE720DC129300EF7C0E /* FavoriteController.swift */; };
		6B8FFFEA20DC15D200EF7C0E /* FavoritePodcastCell.swift in Sources */ = {isa = PBXBuildFile; fileRef = 6B8FFFE920DC15D200EF7C0E /* FavoritePodcastCell.swift */; };
		6B8FFFEC20DD1DB400EF7C0E /* Assets.xcassets in Resources */ = {isa = PBXBuildFile; fileRef = 6B8FFFEB20DD1DB400EF7C0E /* Assets.xcassets */; };
		6B8FFFEE20DD257E00EF7C0E /* UserDefaults.swift in Sources */ = {isa = PBXBuildFile; fileRef = 6B8FFFED20DD257E00EF7C0E /* UserDefaults.swift */; };
		6B8FFFF020DD278F00EF7C0E /* BaseCell.swift in Sources */ = {isa = PBXBuildFile; fileRef = 6B8FFFEF20DD278F00EF7C0E /* BaseCell.swift */; };
		9E0F54AA20D9BFAA00AB9FBA /* PlayerDetailsView+Gestures.swift in Sources */ = {isa = PBXBuildFile; fileRef = 9E0F54A920D9BFAA00AB9FBA /* PlayerDetailsView+Gestures.swift */; };
		9E0F54AC20D9C22A00AB9FBA /* UIApplication.swift in Sources */ = {isa = PBXBuildFile; fileRef = 9E0F54AB20D9C22A00AB9FBA /* UIApplication.swift */; };
		9EAE39F520D30E620027A8E0 /* EpisodesController.swift in Sources */ = {isa = PBXBuildFile; fileRef = 9EAE39F420D30E620027A8E0 /* EpisodesController.swift */; };
		9EAE39F720D31B870027A8E0 /* Episode.swift in Sources */ = {isa = PBXBuildFile; fileRef = 9EAE39F620D31B870027A8E0 /* Episode.swift */; };
		9EAE39FA20D31C0F0027A8E0 /* EpisodeCell.swift in Sources */ = {isa = PBXBuildFile; fileRef = 9EAE39F820D31C0F0027A8E0 /* EpisodeCell.swift */; };
		9EAE39FB20D31C0F0027A8E0 /* EpisodeCell.xib in Resources */ = {isa = PBXBuildFile; fileRef = 9EAE39F920D31C0F0027A8E0 /* EpisodeCell.xib */; };
		9EAE39FE20D322B60027A8E0 /* String.swift in Sources */ = {isa = PBXBuildFile; fileRef = 9EAE39FD20D322B60027A8E0 /* String.swift */; };
		9EAE3A0020D3238B0027A8E0 /* RSSFeed.swift in Sources */ = {isa = PBXBuildFile; fileRef = 9EAE39FF20D3238B0027A8E0 /* RSSFeed.swift */; };
		9EBECA0520CF124200E3A0F0 /* AppDelegate.swift in Sources */ = {isa = PBXBuildFile; fileRef = 9EBECA0420CF124200E3A0F0 /* AppDelegate.swift */; };
		9EBECA0720CF124200E3A0F0 /* MainTabBarController.swift in Sources */ = {isa = PBXBuildFile; fileRef = 9EBECA0620CF124200E3A0F0 /* MainTabBarController.swift */; };
		9EBECA0A20CF124200E3A0F0 /* Main.storyboard in Resources */ = {isa = PBXBuildFile; fileRef = 9EBECA0820CF124200E3A0F0 /* Main.storyboard */; };
		9EBECA0F20CF125100E3A0F0 /* LaunchScreen.storyboard in Resources */ = {isa = PBXBuildFile; fileRef = 9EBECA0D20CF125100E3A0F0 /* LaunchScreen.storyboard */; };
		9EBECA1720CF199D00E3A0F0 /* ViewController.swift in Sources */ = {isa = PBXBuildFile; fileRef = 9EBECA1620CF199D00E3A0F0 /* ViewController.swift */; };
		9ED6BD1F20D04E4E003B374E /* PodcastSearchController.swift in Sources */ = {isa = PBXBuildFile; fileRef = 9ED6BD1E20D04E4E003B374E /* PodcastSearchController.swift */; };
		9ED6BD2220D0501E003B374E /* Podcast.swift in Sources */ = {isa = PBXBuildFile; fileRef = 9ED6BD2120D0501E003B374E /* Podcast.swift */; };
		9ED6BD2520D06770003B374E /* APIService.swift in Sources */ = {isa = PBXBuildFile; fileRef = 9ED6BD2420D06770003B374E /* APIService.swift */; };
		9ED6BD2920D06BAC003B374E /* PodcastCell.xib in Resources */ = {isa = PBXBuildFile; fileRef = 9ED6BD2820D06BAC003B374E /* PodcastCell.xib */; };
		9ED6BD2B20D06D7A003B374E /* PodcastCell.swift in Sources */ = {isa = PBXBuildFile; fileRef = 9ED6BD2A20D06D7A003B374E /* PodcastCell.swift */; };
		9EDAD2DC20D82ECB00118D76 /* PlayerDetailsView.xib in Resources */ = {isa = PBXBuildFile; fileRef = 9EDAD2DB20D82ECB00118D76 /* PlayerDetailsView.xib */; };
		9EDAD2DE20D8311F00118D76 /* PlayerDetailsView.swift in Sources */ = {isa = PBXBuildFile; fileRef = 9EDAD2DD20D8311F00118D76 /* PlayerDetailsView.swift */; };
		9EDAD2E020D8431D00118D76 /* CMTime.swift in Sources */ = {isa = PBXBuildFile; fileRef = 9EDAD2DF20D8431D00118D76 /* CMTime.swift */; };
		EFC131049E8F5082D3211FC4 /* Pods_Podcaster.framework in Frameworks */ = {isa = PBXBuildFile; fileRef = B74D3444E9BF0D64100A070D /* Pods_Podcaster.framework */; };
/* End PBXBuildFile section */

/* Begin PBXFileReference section */
		068D46A281D0F283C3F78807 /* Pods-Podcaster.debug.xcconfig */ = {isa = PBXFileReference; includeInIndex = 1; lastKnownFileType = text.xcconfig; name = "Pods-Podcaster.debug.xcconfig"; path = "Pods/Target Support Files/Pods-Podcaster/Pods-Podcaster.debug.xcconfig"; sourceTree = "<group>"; };
		6B8FFFE720DC129300EF7C0E /* FavoriteController.swift */ = {isa = PBXFileReference; lastKnownFileType = sourcecode.swift; path = FavoriteController.swift; sourceTree = "<group>"; };
		6B8FFFE920DC15D200EF7C0E /* FavoritePodcastCell.swift */ = {isa = PBXFileReference; lastKnownFileType = sourcecode.swift; path = FavoritePodcastCell.swift; sourceTree = "<group>"; };
		6B8FFFEB20DD1DB400EF7C0E /* Assets.xcassets */ = {isa = PBXFileReference; lastKnownFileType = folder.assetcatalog; path = Assets.xcassets; sourceTree = "<group>"; };
		6B8FFFED20DD257E00EF7C0E /* UserDefaults.swift */ = {isa = PBXFileReference; lastKnownFileType = sourcecode.swift; path = UserDefaults.swift; sourceTree = "<group>"; };
		6B8FFFEF20DD278F00EF7C0E /* BaseCell.swift */ = {isa = PBXFileReference; lastKnownFileType = sourcecode.swift; path = BaseCell.swift; sourceTree = "<group>"; };
		96FB8BA9EA797B600B628D72 /* Pods-Podcaster.release.xcconfig */ = {isa = PBXFileReference; includeInIndex = 1; lastKnownFileType = text.xcconfig; name = "Pods-Podcaster.release.xcconfig"; path = "Pods/Target Support Files/Pods-Podcaster/Pods-Podcaster.release.xcconfig"; sourceTree = "<group>"; };
		9E0F54A920D9BFAA00AB9FBA /* PlayerDetailsView+Gestures.swift */ = {isa = PBXFileReference; lastKnownFileType = sourcecode.swift; path = "PlayerDetailsView+Gestures.swift"; sourceTree = "<group>"; };
		9E0F54AB20D9C22A00AB9FBA /* UIApplication.swift */ = {isa = PBXFileReference; lastKnownFileType = sourcecode.swift; path = UIApplication.swift; sourceTree = "<group>"; };
		9EAE39F420D30E620027A8E0 /* EpisodesController.swift */ = {isa = PBXFileReference; lastKnownFileType = sourcecode.swift; path = EpisodesController.swift; sourceTree = "<group>"; };
		9EAE39F620D31B870027A8E0 /* Episode.swift */ = {isa = PBXFileReference; lastKnownFileType = sourcecode.swift; path = Episode.swift; sourceTree = "<group>"; };
		9EAE39F820D31C0F0027A8E0 /* EpisodeCell.swift */ = {isa = PBXFileReference; lastKnownFileType = sourcecode.swift; path = EpisodeCell.swift; sourceTree = "<group>"; };
		9EAE39F920D31C0F0027A8E0 /* EpisodeCell.xib */ = {isa = PBXFileReference; lastKnownFileType = file.xib; path = EpisodeCell.xib; sourceTree = "<group>"; };
		9EAE39FD20D322B60027A8E0 /* String.swift */ = {isa = PBXFileReference; lastKnownFileType = sourcecode.swift; path = String.swift; sourceTree = "<group>"; };
		9EAE39FF20D3238B0027A8E0 /* RSSFeed.swift */ = {isa = PBXFileReference; lastKnownFileType = sourcecode.swift; path = RSSFeed.swift; sourceTree = "<group>"; };
		9EBECA0120CF124200E3A0F0 /* Podcaster.app */ = {isa = PBXFileReference; explicitFileType = wrapper.application; includeInIndex = 0; path = Podcaster.app; sourceTree = BUILT_PRODUCTS_DIR; };
		9EBECA0420CF124200E3A0F0 /* AppDelegate.swift */ = {isa = PBXFileReference; lastKnownFileType = sourcecode.swift; path = AppDelegate.swift; sourceTree = "<group>"; };
		9EBECA0620CF124200E3A0F0 /* MainTabBarController.swift */ = {isa = PBXFileReference; lastKnownFileType = sourcecode.swift; path = MainTabBarController.swift; sourceTree = "<group>"; };
		9EBECA0920CF124200E3A0F0 /* Base */ = {isa = PBXFileReference; lastKnownFileType = file.storyboard; name = Base; path = Base.lproj/Main.storyboard; sourceTree = "<group>"; };
		9EBECA0E20CF125100E3A0F0 /* Base */ = {isa = PBXFileReference; lastKnownFileType = file.storyboard; name = Base; path = Base.lproj/LaunchScreen.storyboard; sourceTree = "<group>"; };
		9EBECA1020CF125100E3A0F0 /* Info.plist */ = {isa = PBXFileReference; lastKnownFileType = text.plist.xml; path = Info.plist; sourceTree = "<group>"; };
		9EBECA1620CF199D00E3A0F0 /* ViewController.swift */ = {isa = PBXFileReference; lastKnownFileType = sourcecode.swift; path = ViewController.swift; sourceTree = "<group>"; };
		9ED6BD1E20D04E4E003B374E /* PodcastSearchController.swift */ = {isa = PBXFileReference; lastKnownFileType = sourcecode.swift; path = PodcastSearchController.swift; sourceTree = "<group>"; };
		9ED6BD2120D0501E003B374E /* Podcast.swift */ = {isa = PBXFileReference; lastKnownFileType = sourcecode.swift; path = Podcast.swift; sourceTree = "<group>"; };
		9ED6BD2420D06770003B374E /* APIService.swift */ = {isa = PBXFileReference; lastKnownFileType = sourcecode.swift; path = APIService.swift; sourceTree = "<group>"; };
		9ED6BD2820D06BAC003B374E /* PodcastCell.xib */ = {isa = PBXFileReference; lastKnownFileType = file.xib; path = PodcastCell.xib; sourceTree = "<group>"; };
		9ED6BD2A20D06D7A003B374E /* PodcastCell.swift */ = {isa = PBXFileReference; lastKnownFileType = sourcecode.swift; path = PodcastCell.swift; sourceTree = "<group>"; };
		9EDAD2DB20D82ECB00118D76 /* PlayerDetailsView.xib */ = {isa = PBXFileReference; lastKnownFileType = file.xib; path = PlayerDetailsView.xib; sourceTree = "<group>"; };
		9EDAD2DD20D8311F00118D76 /* PlayerDetailsView.swift */ = {isa = PBXFileReference; lastKnownFileType = sourcecode.swift; path = PlayerDetailsView.swift; sourceTree = "<group>"; };
		9EDAD2DF20D8431D00118D76 /* CMTime.swift */ = {isa = PBXFileReference; lastKnownFileType = sourcecode.swift; path = CMTime.swift; sourceTree = "<group>"; };
		B74D3444E9BF0D64100A070D /* Pods_Podcaster.framework */ = {isa = PBXFileReference; explicitFileType = wrapper.framework; includeInIndex = 0; path = Pods_Podcaster.framework; sourceTree = BUILT_PRODUCTS_DIR; };
/* End PBXFileReference section */

/* Begin PBXFrameworksBuildPhase section */
		9EBEC9FE20CF124200E3A0F0 /* Frameworks */ = {
			isa = PBXFrameworksBuildPhase;
			buildActionMask = 2147483647;
			files = (
				EFC131049E8F5082D3211FC4 /* Pods_Podcaster.framework in Frameworks */,
			);
			runOnlyForDeploymentPostprocessing = 0;
		};
/* End PBXFrameworksBuildPhase section */

/* Begin PBXGroup section */
		1CF2666A938D66739996FAC6 /* Frameworks */ = {
			isa = PBXGroup;
			children = (
				B74D3444E9BF0D64100A070D /* Pods_Podcaster.framework */,
			);
			name = Frameworks;
			sourceTree = "<group>";
		};
		6B8FFFF120DD279500EF7C0E /* Helpers */ = {
			isa = PBXGroup;
			children = (
				6B8FFFEF20DD278F00EF7C0E /* BaseCell.swift */,
			);
			name = Helpers;
			sourceTree = "<group>";
		};
		9EAE39FC20D322A30027A8E0 /* Extensions */ = {
			isa = PBXGroup;
			children = (
				9EAE39FD20D322B60027A8E0 /* String.swift */,
				9EAE39FF20D3238B0027A8E0 /* RSSFeed.swift */,
				9EDAD2DF20D8431D00118D76 /* CMTime.swift */,
				9E0F54AB20D9C22A00AB9FBA /* UIApplication.swift */,
				6B8FFFED20DD257E00EF7C0E /* UserDefaults.swift */,
			);
			path = Extensions;
			sourceTree = "<group>";
		};
		9EBEC9F820CF124200E3A0F0 = {
			isa = PBXGroup;
			children = (
				9EBECA0320CF124200E3A0F0 /* Podcaster */,
				9EBECA0220CF124200E3A0F0 /* Products */,
				D2687F7E77EE82AB9B2355E7 /* Pods */,
				1CF2666A938D66739996FAC6 /* Frameworks */,
			);
			sourceTree = "<group>";
		};
		9EBECA0220CF124200E3A0F0 /* Products */ = {
			isa = PBXGroup;
			children = (
				9EBECA0120CF124200E3A0F0 /* Podcaster.app */,
			);
			name = Products;
			sourceTree = "<group>";
		};
		9EBECA0320CF124200E3A0F0 /* Podcaster */ = {
			isa = PBXGroup;
			children = (
				9EAE39FC20D322A30027A8E0 /* Extensions */,
				9ED6BD2320D0675F003B374E /* API */,
				9ED6BD2020D05004003B374E /* Model */,
				9ED6BD2720D06B88003B374E /* View */,
				9ED6BD1D20D04DFB003B374E /* Controllers */,
				9EBECA0420CF124200E3A0F0 /* AppDelegate.swift */,
				9EBECA0620CF124200E3A0F0 /* MainTabBarController.swift */,
				9EBECA1620CF199D00E3A0F0 /* ViewController.swift */,
				6B8FFFF120DD279500EF7C0E /* Helpers */,
				9ED6BD2620D06B54003B374E /* Supporting Files */,
				9EBECA1020CF125100E3A0F0 /* Info.plist */,
			);
			path = Podcaster;
			sourceTree = "<group>";
		};
		9ED6BD1D20D04DFB003B374E /* Controllers */ = {
			isa = PBXGroup;
			children = (
				9ED6BD1E20D04E4E003B374E /* PodcastSearchController.swift */,
				9EAE39F420D30E620027A8E0 /* EpisodesController.swift */,
				6B8FFFE720DC129300EF7C0E /* FavoriteController.swift */,
			);
			path = Controllers;
			sourceTree = "<group>";
		};
		9ED6BD2020D05004003B374E /* Model */ = {
			isa = PBXGroup;
			children = (
				9ED6BD2120D0501E003B374E /* Podcast.swift */,
				9EAE39F620D31B870027A8E0 /* Episode.swift */,
			);
			path = Model;
			sourceTree = "<group>";
		};
		9ED6BD2320D0675F003B374E /* API */ = {
			isa = PBXGroup;
			children = (
				9ED6BD2420D06770003B374E /* APIService.swift */,
			);
			path = API;
			sourceTree = "<group>";
		};
		9ED6BD2620D06B54003B374E /* Supporting Files */ = {
			isa = PBXGroup;
			children = (
				9EBECA0820CF124200E3A0F0 /* Main.storyboard */,
				6B8FFFEB20DD1DB400EF7C0E /* Assets.xcassets */,
				9EBECA0D20CF125100E3A0F0 /* LaunchScreen.storyboard */,
			);
			path = "Supporting Files";
			sourceTree = "<group>";
		};
		9ED6BD2720D06B88003B374E /* View */ = {
			isa = PBXGroup;
			children = (
				9ED6BD2820D06BAC003B374E /* PodcastCell.xib */,
				9ED6BD2A20D06D7A003B374E /* PodcastCell.swift */,
				9EAE39F920D31C0F0027A8E0 /* EpisodeCell.xib */,
				9EAE39F820D31C0F0027A8E0 /* EpisodeCell.swift */,
				9EDAD2DB20D82ECB00118D76 /* PlayerDetailsView.xib */,
				9EDAD2DD20D8311F00118D76 /* PlayerDetailsView.swift */,
				9E0F54A920D9BFAA00AB9FBA /* PlayerDetailsView+Gestures.swift */,
				6B8FFFE920DC15D200EF7C0E /* FavoritePodcastCell.swift */,
			);
			path = View;
			sourceTree = "<group>";
		};
		D2687F7E77EE82AB9B2355E7 /* Pods */ = {
			isa = PBXGroup;
			children = (
				068D46A281D0F283C3F78807 /* Pods-Podcaster.debug.xcconfig */,
				96FB8BA9EA797B600B628D72 /* Pods-Podcaster.release.xcconfig */,
			);
			name = Pods;
			sourceTree = "<group>";
		};
/* End PBXGroup section */

/* Begin PBXNativeTarget section */
		9EBECA0020CF124200E3A0F0 /* Podcaster */ = {
			isa = PBXNativeTarget;
			buildConfigurationList = 9EBECA1320CF125100E3A0F0 /* Build configuration list for PBXNativeTarget "Podcaster" */;
			buildPhases = (
				9E0BD233EF71591A3368CE6E /* [CP] Check Pods Manifest.lock */,
				9EBEC9FD20CF124200E3A0F0 /* Sources */,
				9EBEC9FE20CF124200E3A0F0 /* Frameworks */,
				9EBEC9FF20CF124200E3A0F0 /* Resources */,
				74630655934CB984D9169BF7 /* [CP] Embed Pods Frameworks */,
			);
			buildRules = (
			);
			dependencies = (
			);
			name = Podcaster;
			productName = Podcaster;
			productReference = 9EBECA0120CF124200E3A0F0 /* Podcaster.app */;
			productType = "com.apple.product-type.application";
		};
/* End PBXNativeTarget section */

/* Begin PBXProject section */
		9EBEC9F920CF124200E3A0F0 /* Project object */ = {
			isa = PBXProject;
			attributes = {
				LastSwiftUpdateCheck = 0930;
				LastUpgradeCheck = 0930;
				ORGANIZATIONNAME = "Ivica Petrsoric";
				TargetAttributes = {
					9EBECA0020CF124200E3A0F0 = {
						CreatedOnToolsVersion = 9.3;
						SystemCapabilities = {
							com.apple.BackgroundModes = {
								enabled = 1;
							};
						};
					};
				};
			};
			buildConfigurationList = 9EBEC9FC20CF124200E3A0F0 /* Build configuration list for PBXProject "Podcaster" */;
			compatibilityVersion = "Xcode 9.3";
			developmentRegion = en;
			hasScannedForEncodings = 0;
			knownRegions = (
				en,
				Base,
			);
			mainGroup = 9EBEC9F820CF124200E3A0F0;
			productRefGroup = 9EBECA0220CF124200E3A0F0 /* Products */;
			projectDirPath = "";
			projectRoot = "";
			targets = (
				9EBECA0020CF124200E3A0F0 /* Podcaster */,
			);
		};
/* End PBXProject section */

/* Begin PBXResourcesBuildPhase section */
		9EBEC9FF20CF124200E3A0F0 /* Resources */ = {
			isa = PBXResourcesBuildPhase;
			buildActionMask = 2147483647;
			files = (
				9EDAD2DC20D82ECB00118D76 /* PlayerDetailsView.xib in Resources */,
				9EBECA0F20CF125100E3A0F0 /* LaunchScreen.storyboard in Resources */,
				9EAE39FB20D31C0F0027A8E0 /* EpisodeCell.xib in Resources */,
				9ED6BD2920D06BAC003B374E /* PodcastCell.xib in Resources */,
				6B8FFFEC20DD1DB400EF7C0E /* Assets.xcassets in Resources */,
				9EBECA0A20CF124200E3A0F0 /* Main.storyboard in Resources */,
			);
			runOnlyForDeploymentPostprocessing = 0;
		};
/* End PBXResourcesBuildPhase section */

/* Begin PBXShellScriptBuildPhase section */
		74630655934CB984D9169BF7 /* [CP] Embed Pods Frameworks */ = {
			isa = PBXShellScriptBuildPhase;
			buildActionMask = 2147483647;
			files = (
			);
			inputPaths = (
				"${SRCROOT}/Pods/Target Support Files/Pods-Podcaster/Pods-Podcaster-frameworks.sh",
				"${BUILT_PRODUCTS_DIR}/Alamofire/Alamofire.framework",
				"${BUILT_PRODUCTS_DIR}/FeedKit/FeedKit.framework",
				"${BUILT_PRODUCTS_DIR}/SDWebImage/SDWebImage.framework",
			);
			name = "[CP] Embed Pods Frameworks";
			outputPaths = (
				"${TARGET_BUILD_DIR}/${FRAMEWORKS_FOLDER_PATH}/Alamofire.framework",
				"${TARGET_BUILD_DIR}/${FRAMEWORKS_FOLDER_PATH}/FeedKit.framework",
				"${TARGET_BUILD_DIR}/${FRAMEWORKS_FOLDER_PATH}/SDWebImage.framework",
			);
			runOnlyForDeploymentPostprocessing = 0;
			shellPath = /bin/sh;
			shellScript = "\"${SRCROOT}/Pods/Target Support Files/Pods-Podcaster/Pods-Podcaster-frameworks.sh\"\n";
			showEnvVarsInLog = 0;
		};
		9E0BD233EF71591A3368CE6E /* [CP] Check Pods Manifest.lock */ = {
			isa = PBXShellScriptBuildPhase;
			buildActionMask = 2147483647;
			files = (
			);
			inputPaths = (
				"${PODS_PODFILE_DIR_PATH}/Podfile.lock",
				"${PODS_ROOT}/Manifest.lock",
			);
			name = "[CP] Check Pods Manifest.lock";
			outputPaths = (
				"$(DERIVED_FILE_DIR)/Pods-Podcaster-checkManifestLockResult.txt",
			);
			runOnlyForDeploymentPostprocessing = 0;
			shellPath = /bin/sh;
			shellScript = "diff \"${PODS_PODFILE_DIR_PATH}/Podfile.lock\" \"${PODS_ROOT}/Manifest.lock\" > /dev/null\nif [ $? != 0 ] ; then\n    # print error to STDERR\n    echo \"error: The sandbox is not in sync with the Podfile.lock. Run 'pod install' or update your CocoaPods installation.\" >&2\n    exit 1\nfi\n# This output is used by Xcode 'outputs' to avoid re-running this script phase.\necho \"SUCCESS\" > \"${SCRIPT_OUTPUT_FILE_0}\"\n";
			showEnvVarsInLog = 0;
		};
/* End PBXShellScriptBuildPhase section */

/* Begin PBXSourcesBuildPhase section */
		9EBEC9FD20CF124200E3A0F0 /* Sources */ = {
			isa = PBXSourcesBuildPhase;
			buildActionMask = 2147483647;
			files = (
				6B8FFFEA20DC15D200EF7C0E /* FavoritePodcastCell.swift in Sources */,
				9E0F54AC20D9C22A00AB9FBA /* UIApplication.swift in Sources */,
				9EDAD2DE20D8311F00118D76 /* PlayerDetailsView.swift in Sources */,
				9EAE3A0020D3238B0027A8E0 /* RSSFeed.swift in Sources */,
				9ED6BD1F20D04E4E003B374E /* PodcastSearchController.swift in Sources */,
				9EAE39FE20D322B60027A8E0 /* String.swift in Sources */,
				9EDAD2E020D8431D00118D76 /* CMTime.swift in Sources */,
				9EBECA1720CF199D00E3A0F0 /* ViewController.swift in Sources */,
				6B8FFFF020DD278F00EF7C0E /* BaseCell.swift in Sources */,
				9EBECA0720CF124200E3A0F0 /* MainTabBarController.swift in Sources */,
				9E0F54AA20D9BFAA00AB9FBA /* PlayerDetailsView+Gestures.swift in Sources */,
				9EAE39F520D30E620027A8E0 /* EpisodesController.swift in Sources */,
				9EBECA0520CF124200E3A0F0 /* AppDelegate.swift in Sources */,
				9EAE39FA20D31C0F0027A8E0 /* EpisodeCell.swift in Sources */,
				6B8FFFEE20DD257E00EF7C0E /* UserDefaults.swift in Sources */,
				9ED6BD2520D06770003B374E /* APIService.swift in Sources */,
				9ED6BD2220D0501E003B374E /* Podcast.swift in Sources */,
				9EAE39F720D31B870027A8E0 /* Episode.swift in Sources */,
				9ED6BD2B20D06D7A003B374E /* PodcastCell.swift in Sources */,
				6B8FFFE820DC129300EF7C0E /* FavoriteController.swift in Sources */,
			);
			runOnlyForDeploymentPostprocessing = 0;
		};
/* End PBXSourcesBuildPhase section */

/* Begin PBXVariantGroup section */
		9EBECA0820CF124200E3A0F0 /* Main.storyboard */ = {
			isa = PBXVariantGroup;
			children = (
				9EBECA0920CF124200E3A0F0 /* Base */,
			);
			name = Main.storyboard;
			sourceTree = "<group>";
		};
		9EBECA0D20CF125100E3A0F0 /* LaunchScreen.storyboard */ = {
			isa = PBXVariantGroup;
			children = (
				9EBECA0E20CF125100E3A0F0 /* Base */,
			);
			name = LaunchScreen.storyboard;
			sourceTree = "<group>";
		};
/* End PBXVariantGroup section */

/* Begin XCBuildConfiguration section */
		9EBECA1120CF125100E3A0F0 /* Debug */ = {
			isa = XCBuildConfiguration;
			buildSettings = {
				ALWAYS_SEARCH_USER_PATHS = NO;
				CLANG_ANALYZER_NONNULL = YES;
				CLANG_ANALYZER_NUMBER_OBJECT_CONVERSION = YES_AGGRESSIVE;
				CLANG_CXX_LANGUAGE_STANDARD = "gnu++14";
				CLANG_CXX_LIBRARY = "libc++";
				CLANG_ENABLE_MODULES = YES;
				CLANG_ENABLE_OBJC_ARC = YES;
				CLANG_ENABLE_OBJC_WEAK = YES;
				CLANG_WARN_BLOCK_CAPTURE_AUTORELEASING = YES;
				CLANG_WARN_BOOL_CONVERSION = YES;
				CLANG_WARN_COMMA = YES;
				CLANG_WARN_CONSTANT_CONVERSION = YES;
				CLANG_WARN_DEPRECATED_OBJC_IMPLEMENTATIONS = YES;
				CLANG_WARN_DIRECT_OBJC_ISA_USAGE = YES_ERROR;
				CLANG_WARN_DOCUMENTATION_COMMENTS = YES;
				CLANG_WARN_EMPTY_BODY = YES;
				CLANG_WARN_ENUM_CONVERSION = YES;
				CLANG_WARN_INFINITE_RECURSION = YES;
				CLANG_WARN_INT_CONVERSION = YES;
				CLANG_WARN_NON_LITERAL_NULL_CONVERSION = YES;
				CLANG_WARN_OBJC_IMPLICIT_RETAIN_SELF = YES;
				CLANG_WARN_OBJC_LITERAL_CONVERSION = YES;
				CLANG_WARN_OBJC_ROOT_CLASS = YES_ERROR;
				CLANG_WARN_RANGE_LOOP_ANALYSIS = YES;
				CLANG_WARN_STRICT_PROTOTYPES = YES;
				CLANG_WARN_SUSPICIOUS_MOVE = YES;
				CLANG_WARN_UNGUARDED_AVAILABILITY = YES_AGGRESSIVE;
				CLANG_WARN_UNREACHABLE_CODE = YES;
				CLANG_WARN__DUPLICATE_METHOD_MATCH = YES;
				CODE_SIGN_IDENTITY = "iPhone Developer";
				COPY_PHASE_STRIP = NO;
				DEBUG_INFORMATION_FORMAT = dwarf;
				ENABLE_STRICT_OBJC_MSGSEND = YES;
				ENABLE_TESTABILITY = YES;
				GCC_C_LANGUAGE_STANDARD = gnu11;
				GCC_DYNAMIC_NO_PIC = NO;
				GCC_NO_COMMON_BLOCKS = YES;
				GCC_OPTIMIZATION_LEVEL = 0;
				GCC_PREPROCESSOR_DEFINITIONS = (
					"DEBUG=1",
					"$(inherited)",
				);
				GCC_WARN_64_TO_32_BIT_CONVERSION = YES;
				GCC_WARN_ABOUT_RETURN_TYPE = YES_ERROR;
				GCC_WARN_UNDECLARED_SELECTOR = YES;
				GCC_WARN_UNINITIALIZED_AUTOS = YES_AGGRESSIVE;
				GCC_WARN_UNUSED_FUNCTION = YES;
				GCC_WARN_UNUSED_VARIABLE = YES;
				IPHONEOS_DEPLOYMENT_TARGET = 11.3;
				MTL_ENABLE_DEBUG_INFO = YES;
				ONLY_ACTIVE_ARCH = YES;
				SDKROOT = iphoneos;
				SWIFT_ACTIVE_COMPILATION_CONDITIONS = DEBUG;
				SWIFT_OPTIMIZATION_LEVEL = "-Onone";
			};
			name = Debug;
		};
		9EBECA1220CF125100E3A0F0 /* Release */ = {
			isa = XCBuildConfiguration;
			buildSettings = {
				ALWAYS_SEARCH_USER_PATHS = NO;
				CLANG_ANALYZER_NONNULL = YES;
				CLANG_ANALYZER_NUMBER_OBJECT_CONVERSION = YES_AGGRESSIVE;
				CLANG_CXX_LANGUAGE_STANDARD = "gnu++14";
				CLANG_CXX_LIBRARY = "libc++";
				CLANG_ENABLE_MODULES = YES;
				CLANG_ENABLE_OBJC_ARC = YES;
				CLANG_ENABLE_OBJC_WEAK = YES;
				CLANG_WARN_BLOCK_CAPTURE_AUTORELEASING = YES;
				CLANG_WARN_BOOL_CONVERSION = YES;
				CLANG_WARN_COMMA = YES;
				CLANG_WARN_CONSTANT_CONVERSION = YES;
				CLANG_WARN_DEPRECATED_OBJC_IMPLEMENTATIONS = YES;
				CLANG_WARN_DIRECT_OBJC_ISA_USAGE = YES_ERROR;
				CLANG_WARN_DOCUMENTATION_COMMENTS = YES;
				CLANG_WARN_EMPTY_BODY = YES;
				CLANG_WARN_ENUM_CONVERSION = YES;
				CLANG_WARN_INFINITE_RECURSION = YES;
				CLANG_WARN_INT_CONVERSION = YES;
				CLANG_WARN_NON_LITERAL_NULL_CONVERSION = YES;
				CLANG_WARN_OBJC_IMPLICIT_RETAIN_SELF = YES;
				CLANG_WARN_OBJC_LITERAL_CONVERSION = YES;
				CLANG_WARN_OBJC_ROOT_CLASS = YES_ERROR;
				CLANG_WARN_RANGE_LOOP_ANALYSIS = YES;
				CLANG_WARN_STRICT_PROTOTYPES = YES;
				CLANG_WARN_SUSPICIOUS_MOVE = YES;
				CLANG_WARN_UNGUARDED_AVAILABILITY = YES_AGGRESSIVE;
				CLANG_WARN_UNREACHABLE_CODE = YES;
				CLANG_WARN__DUPLICATE_METHOD_MATCH = YES;
				CODE_SIGN_IDENTITY = "iPhone Developer";
				COPY_PHASE_STRIP = NO;
				DEBUG_INFORMATION_FORMAT = "dwarf-with-dsym";
				ENABLE_NS_ASSERTIONS = NO;
				ENABLE_STRICT_OBJC_MSGSEND = YES;
				GCC_C_LANGUAGE_STANDARD = gnu11;
				GCC_NO_COMMON_BLOCKS = YES;
				GCC_WARN_64_TO_32_BIT_CONVERSION = YES;
				GCC_WARN_ABOUT_RETURN_TYPE = YES_ERROR;
				GCC_WARN_UNDECLARED_SELECTOR = YES;
				GCC_WARN_UNINITIALIZED_AUTOS = YES_AGGRESSIVE;
				GCC_WARN_UNUSED_FUNCTION = YES;
				GCC_WARN_UNUSED_VARIABLE = YES;
				IPHONEOS_DEPLOYMENT_TARGET = 11.3;
				MTL_ENABLE_DEBUG_INFO = NO;
				SDKROOT = iphoneos;
				SWIFT_COMPILATION_MODE = wholemodule;
				SWIFT_OPTIMIZATION_LEVEL = "-O";
				VALIDATE_PRODUCT = YES;
			};
			name = Release;
		};
		9EBECA1420CF125100E3A0F0 /* Debug */ = {
			isa = XCBuildConfiguration;
			baseConfigurationReference = 068D46A281D0F283C3F78807 /* Pods-Podcaster.debug.xcconfig */;
			buildSettings = {
				ASSETCATALOG_COMPILER_APPICON_NAME = AppIcon;
				CODE_SIGN_STYLE = Automatic;
				DEVELOPMENT_TEAM = 74PDM76YJS;
				INFOPLIST_FILE = Podcaster/Info.plist;
				LD_RUNPATH_SEARCH_PATHS = (
					"$(inherited)",
					"@executable_path/Frameworks",
				);
				PRODUCT_BUNDLE_IDENTIFIER = com.IvicaPetrsoric.Podcaster;
				PRODUCT_NAME = "$(TARGET_NAME)";
				SWIFT_VERSION = 4.0;
				TARGETED_DEVICE_FAMILY = "1,2";
			};
			name = Debug;
		};
		9EBECA1520CF125100E3A0F0 /* Release */ = {
			isa = XCBuildConfiguration;
			baseConfigurationReference = 96FB8BA9EA797B600B628D72 /* Pods-Podcaster.release.xcconfig */;
			buildSettings = {
				ASSETCATALOG_COMPILER_APPICON_NAME = AppIcon;
				CODE_SIGN_STYLE = Automatic;
				DEVELOPMENT_TEAM = 74PDM76YJS;
				INFOPLIST_FILE = Podcaster/Info.plist;
				LD_RUNPATH_SEARCH_PATHS = (
					"$(inherited)",
					"@executable_path/Frameworks",
				);
				PRODUCT_BUNDLE_IDENTIFIER = com.IvicaPetrsoric.Podcaster;
				PRODUCT_NAME = "$(TARGET_NAME)";
				SWIFT_VERSION = 4.0;
				TARGETED_DEVICE_FAMILY = "1,2";
			};
			name = Release;
		};
/* End XCBuildConfiguration section */

/* Begin XCConfigurationList section */
		9EBEC9FC20CF124200E3A0F0 /* Build configuration list for PBXProject "Podcaster" */ = {
			isa = XCConfigurationList;
			buildConfigurations = (
				9EBECA1120CF125100E3A0F0 /* Debug */,
				9EBECA1220CF125100E3A0F0 /* Release */,
			);
			defaultConfigurationIsVisible = 0;
			defaultConfigurationName = Release;
		};
		9EBECA1320CF125100E3A0F0 /* Build configuration list for PBXNativeTarget "Podcaster" */ = {
			isa = XCConfigurationList;
			buildConfigurations = (
				9EBECA1420CF125100E3A0F0 /* Debug */,
				9EBECA1520CF125100E3A0F0 /* Release */,
			);
			defaultConfigurationIsVisible = 0;
			defaultConfigurationName = Release;
		};
/* End XCConfigurationList section */
	};
	rootObject = 9EBEC9F920CF124200E3A0F0 /* Project object */;
}
